
Microsoft Visual Studio Solution File, Format Version 12.00
# Visual Studio Version 17
VisualStudioVersion = 17.0.31919.166
MinimumVisualStudioVersion = 10.0.40219.1
Project("{FAE04EC0-301F-11D3-BF4B-00C04F79EFBC}") = "AQI.Interview.API", "AQI.Interview.API\AQI.Interview.API.csproj", "{E3693725-E196-403B-A599-4876F2B9F768}"
EndProject
Project("{FAE04EC0-301F-11D3-BF4B-00C04F79EFBC}") = "AQI.Interview.Models", "AQI.Interview.Models\AQI.Interview.Models.csproj", "{E963FFE2-FC59-4833-A116-273EB9043C82}"
EndProject
Global
	GlobalSection(SolutionConfigurationPlatforms) = preSolution
		Debug|Any CPU = Debug|Any CPU
		Release|Any CPU = Release|Any CPU
	EndGlobalSection
	GlobalSection(ProjectConfigurationPlatforms) = postSolution
		{E3693725-E196-403B-A599-4876F2B9F768}.Debug|Any CPU.ActiveCfg = Debug|Any CPU
		{E3693725-E196-403B-A599-4876F2B9F768}.Debug|Any CPU.Build.0 = Debug|Any CPU
		{E3693725-E196-403B-A599-4876F2B9F768}.Release|Any CPU.ActiveCfg = Release|Any CPU
		{E3693725-E196-403B-A599-4876F2B9F768}.Release|Any CPU.Build.0 = Release|Any CPU
		{E963FFE2-FC59-4833-A116-273EB9043C82}.Debug|Any CPU.ActiveCfg = Debug|Any CPU
		{E963FFE2-FC59-4833-A116-273EB9043C82}.Debug|Any CPU.Build.0 = Debug|Any CPU
		{E963FFE2-FC59-4833-A116-273EB9043C82}.Release|Any CPU.ActiveCfg = Release|Any CPU
		{E963FFE2-FC59-4833-A116-273EB9043C82}.Release|Any CPU.Build.0 = Release|Any CPU
	EndGlobalSection
	GlobalSection(SolutionProperties) = preSolution
		HideSolutionNode = FALSE
	EndGlobalSection
	GlobalSection(ExtensibilityGlobals) = postSolution
		SolutionGuid = {3D3076C7-295F-42B0-9A5B-CDA11EDA755B}
	EndGlobalSection
EndGlobal
